
Microsoft Visual Studio Solution File, Format Version 12.00
# Visual Studio Version 17
VisualStudioVersion = 17.7.34031.279
MinimumVisualStudioVersion = 10.0.40219.1
Project("{2150E333-8FDC-42A3-9474-1A3956D46DE8}") = "Core", "Core", "{4B488512-E69F-4AA8-89C8-6A377B849056}"
EndProject
Project("{2150E333-8FDC-42A3-9474-1A3956D46DE8}") = "Test", "Test", "{8669CEA6-E703-429C-9B42-071BCB88BF49}"
EndProject
Project("{9A19103F-16F7-4668-BE54-9A1E7A4F7556}") = "ECommerceDotNet.Core.Domain", "Core\ECommerceDotNet.Core.Domain\ECommerceDotNet.Core.Domain.csproj", "{46A2B19A-562C-4D9F-B124-5320D7C14122}"
EndProject
Project("{9A19103F-16F7-4668-BE54-9A1E7A4F7556}") = "ECommerceDotNet.Core.Application", "Core\ECommerceDotNet.Core.Application\ECommerceDotNet.Core.Application.csproj", "{1FA10AFA-7ADF-42DE-AB07-5F043FC0FA4C}"
EndProject
Project("{9A19103F-16F7-4668-BE54-9A1E7A4F7556}") = "ECommerceDotNet.Test.UnitTest", "Test\ECommerceDotNet.UnitTest\ECommerceDotNet.Test.UnitTest.csproj", "{BF5466A7-2FDF-464E-8CDD-6C85C1F0CE04}"
EndProject
Project("{9A19103F-16F7-4668-BE54-9A1E7A4F7556}") = "ECommerceDotNet.Test.IntegrationTest", "Test\ECommerceDotNet.IntegrationTest\ECommerceDotNet.Test.IntegrationTest.csproj", "{E5BEA817-795F-47F0-A226-F658A8A74DD3}"
EndProject
Project("{2150E333-8FDC-42A3-9474-1A3956D46DE8}") = "Infrastructure", "Infrastructure", "{D31F299A-6538-4119-8443-5E6B1FA93AEA}"
EndProject
Project("{2150E333-8FDC-42A3-9474-1A3956D46DE8}") = "Presentation", "Presentation", "{FC23AE01-2BA3-49EE-B629-94C84A20FE99}"
EndProject
Project("{9A19103F-16F7-4668-BE54-9A1E7A4F7556}") = "ECommerceDotNet.Infrastructure.Persistence", "Infrastructure\ECommerceDotNet.Infrastructure.Persistence\ECommerceDotNet.Infrastructure.Persistence.csproj", "{2A4F7C0A-B502-47CE-92F0-116EC7E90927}"
EndProject
Project("{9A19103F-16F7-4668-BE54-9A1E7A4F7556}") = "ECommerceDotNet.Infrastructure.Logging", "Infrastructure\ECommerceDotNet.Infrastructure.Logging\ECommerceDotNet.Infrastructure.Logging.csproj", "{024523B4-C020-4C61-959A-850E4237DC00}"
EndProject
Project("{9A19103F-16F7-4668-BE54-9A1E7A4F7556}") = "ECommerceDotNet.Infrastructure.Authentication", "Infrastructure\ECommerceDotNet.Infrastructure.Authentication\ECommerceDotNet.Infrastructure.Authentication.csproj", "{17B9E2F9-967F-44C0-A129-362AD0314BD6}"
EndProject
Project("{9A19103F-16F7-4668-BE54-9A1E7A4F7556}") = "ECommerceDotNet.Infrastructure.ExternalServices", "Infrastructure\ECommerceDotNet.Infrastructure.ExternalServices\ECommerceDotNet.Infrastructure.ExternalServices.csproj", "{00E2F06B-9EB7-47ED-A554-887A09BC01D0}"
EndProject
Project("{9A19103F-16F7-4668-BE54-9A1E7A4F7556}") = "ECommerceDotNet.Infrastructure.Configuration", "Infrastructure\ECommerceDotNet.Infrastructure.Configuration\ECommerceDotNet.Infrastructure.Configuration.csproj", "{A11905D3-72DB-47C6-9D3A-1C793AA8092F}"
EndProject
Project("{9A19103F-16F7-4668-BE54-9A1E7A4F7556}") = "ECommerceDotNet.Infrastructure.Services", "Infrastructure\ECommerceDotNet.Infrastructure.Services\ECommerceDotNet.Infrastructure.Services.csproj", "{ADDC02AF-CEB1-4231-BEC5-440A23F8B742}"
EndProject
Project("{9A19103F-16F7-4668-BE54-9A1E7A4F7556}") = "ECommerceDotNet.Presentation.Host", "Presentation\ECommerceDotNet.Presentation.Host\ECommerceDotNet.Presentation.Host.csproj", "{ACA8AC5C-E7FD-43C0-9549-0A7AD4395341}"
EndProject
Project("{9A19103F-16F7-4668-BE54-9A1E7A4F7556}") = "ECommerceDotNet.Presentation.Api", "Presentation\ECommerceDotNet.Presentation.Api\ECommerceDotNet.Presentation.Api.csproj", "{9290F0EE-E887-43B1-946D-06E37B26DCE4}"
EndProject
Project("{9A19103F-16F7-4668-BE54-9A1E7A4F7556}") = "ECommerceDotNet.Presentation.Web", "Presentation\ECommerceDotNet.Presentation.Web\ECommerceDotNet.Presentation.Web.csproj", "{2DD9ACAA-C044-4471-8DE2-B8C602DD799E}"
EndProject
Project("{9A19103F-16F7-4668-BE54-9A1E7A4F7556}") = "ECommerceDotNet.Core.Cache", "Core\ECommerceDotNet.Core.Cache\ECommerceDotNet.Core.Cache.csproj", "{9AFEBE0B-04B9-4AEC-96C0-D0AC3598A221}"
EndProject
Project("{2150E333-8FDC-42A3-9474-1A3956D46DE8}") = "Shared", "Shared", "{AB186C54-3FF2-4901-B5A1-BBC385D545B7}"
EndProject
Project("{9A19103F-16F7-4668-BE54-9A1E7A4F7556}") = "ECommerceDotNet.Common", "Shared\ECommerceDotNet.Common\ECommerceDotNet.Common.csproj", "{7FBF2E3C-C2BC-4942-A68A-DC4321BF082D}"
EndProject
Project("{FAE04EC0-301F-11D3-BF4B-00C04F79EFBC}") = "ECommerceDotNet.Infrastructure.Migrations", "Infrastructure\ECommerceDotNet.Infrastructure.Migrations\ECommerceDotNet.Infrastructure.Migrations.csproj", "{5865B4E3-4659-42A3-895E-9FAF6AA7E14A}"
EndProject
Global
	GlobalSection(SolutionConfigurationPlatforms) = preSolution
		Debug|Any CPU = Debug|Any CPU
		Release|Any CPU = Release|Any CPU
	EndGlobalSection
	GlobalSection(ProjectConfigurationPlatforms) = postSolution
		{46A2B19A-562C-4D9F-B124-5320D7C14122}.Debug|Any CPU.ActiveCfg = Debug|Any CPU
		{46A2B19A-562C-4D9F-B124-5320D7C14122}.Debug|Any CPU.Build.0 = Debug|Any CPU
		{46A2B19A-562C-4D9F-B124-5320D7C14122}.Release|Any CPU.ActiveCfg = Release|Any CPU
		{46A2B19A-562C-4D9F-B124-5320D7C14122}.Release|Any CPU.Build.0 = Release|Any CPU
		{1FA10AFA-7ADF-42DE-AB07-5F043FC0FA4C}.Debug|Any CPU.ActiveCfg = Debug|Any CPU
		{1FA10AFA-7ADF-42DE-AB07-5F043FC0FA4C}.Debug|Any CPU.Build.0 = Debug|Any CPU
		{1FA10AFA-7ADF-42DE-AB07-5F043FC0FA4C}.Release|Any CPU.ActiveCfg = Release|Any CPU
		{1FA10AFA-7ADF-42DE-AB07-5F043FC0FA4C}.Release|Any CPU.Build.0 = Release|Any CPU
		{BF5466A7-2FDF-464E-8CDD-6C85C1F0CE04}.Debug|Any CPU.ActiveCfg = Debug|Any CPU
		{BF5466A7-2FDF-464E-8CDD-6C85C1F0CE04}.Debug|Any CPU.Build.0 = Debug|Any CPU
		{BF5466A7-2FDF-464E-8CDD-6C85C1F0CE04}.Release|Any CPU.ActiveCfg = Release|Any CPU
		{BF5466A7-2FDF-464E-8CDD-6C85C1F0CE04}.Release|Any CPU.Build.0 = Release|Any CPU
		{E5BEA817-795F-47F0-A226-F658A8A74DD3}.Debug|Any CPU.ActiveCfg = Debug|Any CPU
		{E5BEA817-795F-47F0-A226-F658A8A74DD3}.Debug|Any CPU.Build.0 = Debug|Any CPU
		{E5BEA817-795F-47F0-A226-F658A8A74DD3}.Release|Any CPU.ActiveCfg = Release|Any CPU
		{E5BEA817-795F-47F0-A226-F658A8A74DD3}.Release|Any CPU.Build.0 = Release|Any CPU
		{2A4F7C0A-B502-47CE-92F0-116EC7E90927}.Debug|Any CPU.ActiveCfg = Debug|Any CPU
		{2A4F7C0A-B502-47CE-92F0-116EC7E90927}.Debug|Any CPU.Build.0 = Debug|Any CPU
		{2A4F7C0A-B502-47CE-92F0-116EC7E90927}.Release|Any CPU.ActiveCfg = Release|Any CPU
		{2A4F7C0A-B502-47CE-92F0-116EC7E90927}.Release|Any CPU.Build.0 = Release|Any CPU
		{024523B4-C020-4C61-959A-850E4237DC00}.Debug|Any CPU.ActiveCfg = Debug|Any CPU
		{024523B4-C020-4C61-959A-850E4237DC00}.Debug|Any CPU.Build.0 = Debug|Any CPU
		{024523B4-C020-4C61-959A-850E4237DC00}.Release|Any CPU.ActiveCfg = Release|Any CPU
		{024523B4-C020-4C61-959A-850E4237DC00}.Release|Any CPU.Build.0 = Release|Any CPU
		{17B9E2F9-967F-44C0-A129-362AD0314BD6}.Debug|Any CPU.ActiveCfg = Debug|Any CPU
		{17B9E2F9-967F-44C0-A129-362AD0314BD6}.Debug|Any CPU.Build.0 = Debug|Any CPU
		{17B9E2F9-967F-44C0-A129-362AD0314BD6}.Release|Any CPU.ActiveCfg = Release|Any CPU
		{17B9E2F9-967F-44C0-A129-362AD0314BD6}.Release|Any CPU.Build.0 = Release|Any CPU
		{00E2F06B-9EB7-47ED-A554-887A09BC01D0}.Debug|Any CPU.ActiveCfg = Debug|Any CPU
		{00E2F06B-9EB7-47ED-A554-887A09BC01D0}.Debug|Any CPU.Build.0 = Debug|Any CPU
		{00E2F06B-9EB7-47ED-A554-887A09BC01D0}.Release|Any CPU.ActiveCfg = Release|Any CPU
		{00E2F06B-9EB7-47ED-A554-887A09BC01D0}.Release|Any CPU.Build.0 = Release|Any CPU
		{A11905D3-72DB-47C6-9D3A-1C793AA8092F}.Debug|Any CPU.ActiveCfg = Debug|Any CPU
		{A11905D3-72DB-47C6-9D3A-1C793AA8092F}.Debug|Any CPU.Build.0 = Debug|Any CPU
		{A11905D3-72DB-47C6-9D3A-1C793AA8092F}.Release|Any CPU.ActiveCfg = Release|Any CPU
		{A11905D3-72DB-47C6-9D3A-1C793AA8092F}.Release|Any CPU.Build.0 = Release|Any CPU
		{ADDC02AF-CEB1-4231-BEC5-440A23F8B742}.Debug|Any CPU.ActiveCfg = Debug|Any CPU
		{ADDC02AF-CEB1-4231-BEC5-440A23F8B742}.Debug|Any CPU.Build.0 = Debug|Any CPU
		{ADDC02AF-CEB1-4231-BEC5-440A23F8B742}.Release|Any CPU.ActiveCfg = Release|Any CPU
		{ADDC02AF-CEB1-4231-BEC5-440A23F8B742}.Release|Any CPU.Build.0 = Release|Any CPU
		{ACA8AC5C-E7FD-43C0-9549-0A7AD4395341}.Debug|Any CPU.ActiveCfg = Debug|Any CPU
		{ACA8AC5C-E7FD-43C0-9549-0A7AD4395341}.Debug|Any CPU.Build.0 = Debug|Any CPU
		{ACA8AC5C-E7FD-43C0-9549-0A7AD4395341}.Release|Any CPU.ActiveCfg = Release|Any CPU
		{ACA8AC5C-E7FD-43C0-9549-0A7AD4395341}.Release|Any CPU.Build.0 = Release|Any CPU
		{9290F0EE-E887-43B1-946D-06E37B26DCE4}.Debug|Any CPU.ActiveCfg = Debug|Any CPU
		{9290F0EE-E887-43B1-946D-06E37B26DCE4}.Debug|Any CPU.Build.0 = Debug|Any CPU
		{9290F0EE-E887-43B1-946D-06E37B26DCE4}.Release|Any CPU.ActiveCfg = Release|Any CPU
		{9290F0EE-E887-43B1-946D-06E37B26DCE4}.Release|Any CPU.Build.0 = Release|Any CPU
		{2DD9ACAA-C044-4471-8DE2-B8C602DD799E}.Debug|Any CPU.ActiveCfg = Debug|Any CPU
		{2DD9ACAA-C044-4471-8DE2-B8C602DD799E}.Debug|Any CPU.Build.0 = Debug|Any CPU
		{2DD9ACAA-C044-4471-8DE2-B8C602DD799E}.Release|Any CPU.ActiveCfg = Release|Any CPU
		{2DD9ACAA-C044-4471-8DE2-B8C602DD799E}.Release|Any CPU.Build.0 = Release|Any CPU
		{9AFEBE0B-04B9-4AEC-96C0-D0AC3598A221}.Debug|Any CPU.ActiveCfg = Debug|Any CPU
		{9AFEBE0B-04B9-4AEC-96C0-D0AC3598A221}.Debug|Any CPU.Build.0 = Debug|Any CPU
		{9AFEBE0B-04B9-4AEC-96C0-D0AC3598A221}.Release|Any CPU.ActiveCfg = Release|Any CPU
		{9AFEBE0B-04B9-4AEC-96C0-D0AC3598A221}.Release|Any CPU.Build.0 = Release|Any CPU
		{7FBF2E3C-C2BC-4942-A68A-DC4321BF082D}.Debug|Any CPU.ActiveCfg = Debug|Any CPU
		{7FBF2E3C-C2BC-4942-A68A-DC4321BF082D}.Debug|Any CPU.Build.0 = Debug|Any CPU
		{7FBF2E3C-C2BC-4942-A68A-DC4321BF082D}.Release|Any CPU.ActiveCfg = Release|Any CPU
		{7FBF2E3C-C2BC-4942-A68A-DC4321BF082D}.Release|Any CPU.Build.0 = Release|Any CPU
		{5865B4E3-4659-42A3-895E-9FAF6AA7E14A}.Debug|Any CPU.ActiveCfg = Debug|Any CPU
		{5865B4E3-4659-42A3-895E-9FAF6AA7E14A}.Debug|Any CPU.Build.0 = Debug|Any CPU
		{5865B4E3-4659-42A3-895E-9FAF6AA7E14A}.Release|Any CPU.ActiveCfg = Release|Any CPU
		{5865B4E3-4659-42A3-895E-9FAF6AA7E14A}.Release|Any CPU.Build.0 = Release|Any CPU
	EndGlobalSection
	GlobalSection(SolutionProperties) = preSolution
		HideSolutionNode = FALSE
	EndGlobalSection
	GlobalSection(NestedProjects) = preSolution
		{46A2B19A-562C-4D9F-B124-5320D7C14122} = {4B488512-E69F-4AA8-89C8-6A377B849056}
		{1FA10AFA-7ADF-42DE-AB07-5F043FC0FA4C} = {4B488512-E69F-4AA8-89C8-6A377B849056}
		{BF5466A7-2FDF-464E-8CDD-6C85C1F0CE04} = {8669CEA6-E703-429C-9B42-071BCB88BF49}
		{E5BEA817-795F-47F0-A226-F658A8A74DD3} = {8669CEA6-E703-429C-9B42-071BCB88BF49}
		{2A4F7C0A-B502-47CE-92F0-116EC7E90927} = {D31F299A-6538-4119-8443-5E6B1FA93AEA}
		{024523B4-C020-4C61-959A-850E4237DC00} = {D31F299A-6538-4119-8443-5E6B1FA93AEA}
		{17B9E2F9-967F-44C0-A129-362AD0314BD6} = {D31F299A-6538-4119-8443-5E6B1FA93AEA}
		{00E2F06B-9EB7-47ED-A554-887A09BC01D0} = {D31F299A-6538-4119-8443-5E6B1FA93AEA}
		{A11905D3-72DB-47C6-9D3A-1C793AA8092F} = {D31F299A-6538-4119-8443-5E6B1FA93AEA}
		{ADDC02AF-CEB1-4231-BEC5-440A23F8B742} = {D31F299A-6538-4119-8443-5E6B1FA93AEA}
		{ACA8AC5C-E7FD-43C0-9549-0A7AD4395341} = {FC23AE01-2BA3-49EE-B629-94C84A20FE99}
		{9290F0EE-E887-43B1-946D-06E37B26DCE4} = {FC23AE01-2BA3-49EE-B629-94C84A20FE99}
		{2DD9ACAA-C044-4471-8DE2-B8C602DD799E} = {FC23AE01-2BA3-49EE-B629-94C84A20FE99}
		{9AFEBE0B-04B9-4AEC-96C0-D0AC3598A221} = {4B488512-E69F-4AA8-89C8-6A377B849056}
		{7FBF2E3C-C2BC-4942-A68A-DC4321BF082D} = {AB186C54-3FF2-4901-B5A1-BBC385D545B7}
		{5865B4E3-4659-42A3-895E-9FAF6AA7E14A} = {D31F299A-6538-4119-8443-5E6B1FA93AEA}
	EndGlobalSection
	GlobalSection(ExtensibilityGlobals) = postSolution
		SolutionGuid = {8A456286-6917-4A1D-8AA2-41BFB136134E}
	EndGlobalSection
EndGlobal
